Microsoft Visual Studio Solution File, Format Version 11.00
# Visual Studio 2008

Project("{93F0ECB6-2EF7-D2A7-9A05-CC3A2273522A}") = "neoncheese", "Assembly-CSharp-firstpass.csproj", "{649F82B1-B041-7040-3EAD-5D4995E47C0D}"
EndProject
Project("{93F0ECB6-2EF7-D2A7-9A05-CC3A2273522A}") = "neoncheese", "Assembly-CSharp.csproj", "{23B244C0-5C9F-3953-F506-27B0BB94B4B0}"
EndProject
Project("{93F0ECB6-2EF7-D2A7-9A05-CC3A2273522A}") = "neoncheese", "Assembly-CSharp-Editor.csproj", "{1B240D5D-6EA7-6CEF-5D4D-F9AA804FCEA1}"
EndProject
Project("{93F0ECB6-2EF7-D2A7-9A05-CC3A2273522A}") = "neoncheese", "Assembly-UnityScript-firstpass.unityproj", "{E8C10E84-EA8C-EEE1-8744-6B070377B73C}"
EndProject
Global
	GlobalSection(SolutionConfigurationPlatforms) = preSolution
		Debug|Any CPU = Debug|Any CPU
		Release|Any CPU = Release|Any CPU
	EndGlobalSection
	GlobalSection(ProjectConfigurationPlatforms) = postSolution
		{649F82B1-B041-7040-3EAD-5D4995E47C0D}.Debug|Any CPU.ActiveCfg = Debug|Any CPU
		{649F82B1-B041-7040-3EAD-5D4995E47C0D}.Debug|Any CPU.Build.0 = Debug|Any CPU
		{649F82B1-B041-7040-3EAD-5D4995E47C0D}.Release|Any CPU.ActiveCfg = Release|Any CPU
		{649F82B1-B041-7040-3EAD-5D4995E47C0D}.Release|Any CPU.Build.0 = Release|Any CPU
		{23B244C0-5C9F-3953-F506-27B0BB94B4B0}.Debug|Any CPU.ActiveCfg = Debug|Any CPU
		{23B244C0-5C9F-3953-F506-27B0BB94B4B0}.Debug|Any CPU.Build.0 = Debug|Any CPU
		{23B244C0-5C9F-3953-F506-27B0BB94B4B0}.Release|Any CPU.ActiveCfg = Release|Any CPU
		{23B244C0-5C9F-3953-F506-27B0BB94B4B0}.Release|Any CPU.Build.0 = Release|Any CPU
		{1B240D5D-6EA7-6CEF-5D4D-F9AA804FCEA1}.Debug|Any CPU.ActiveCfg = Debug|Any CPU
		{1B240D5D-6EA7-6CEF-5D4D-F9AA804FCEA1}.Debug|Any CPU.Build.0 = Debug|Any CPU
		{1B240D5D-6EA7-6CEF-5D4D-F9AA804FCEA1}.Release|Any CPU.ActiveCfg = Release|Any CPU
		{1B240D5D-6EA7-6CEF-5D4D-F9AA804FCEA1}.Release|Any CPU.Build.0 = Release|Any CPU
		{E8C10E84-EA8C-EEE1-8744-6B070377B73C}.Debug|Any CPU.ActiveCfg = Debug|Any CPU
		{E8C10E84-EA8C-EEE1-8744-6B070377B73C}.Debug|Any CPU.Build.0 = Debug|Any CPU
		{E8C10E84-EA8C-EEE1-8744-6B070377B73C}.Release|Any CPU.ActiveCfg = Release|Any CPU
		{E8C10E84-EA8C-EEE1-8744-6B070377B73C}.Release|Any CPU.Build.0 = Release|Any CPU
	EndGlobalSection
	GlobalSection(SolutionProperties) = preSolution
		HideSolutionNode = FALSE
	EndGlobalSection
							GlobalSection(MonoDevelopProperties) = preSolution
		StartupItem = Assembly-CSharp.csproj
		Policies = $0
		$0.TextStylePolicy = $1
		$1.inheritsSet = null
		$1.scope = text/x-csharp
		$0.CSharpFormattingPolicy = $2
		$2.inheritsSet = Mono
		$2.inheritsScope = text/x-csharp
		$2.scope = text/x-csharp
		$0.TextStylePolicy = $3
		$3.FileWidth = 120
		$3.TabWidth = 4
		$3.EolMarker = Unix
		$3.inheritsSet = Mono
		$3.inheritsScope = text/plain
		$3.scope = text/plain
	EndGlobalSection

EndGlobal
